
Microsoft Visual Studio Solution File, Format Version 12.00
# Visual Studio Version 16
VisualStudioVersion = 16.0.31005.135
MinimumVisualStudioVersion = 10.0.40219.1
Project("{888888A0-9F3D-457C-B088-3A5042F75D52}") = "test_function_module_sourcecode", "test_function_module_sourcecode.pyproj", "{EEF22D21-1FD6-4F46-B2D7-B103520B9F3E}"
EndProject
Global
	GlobalSection(SolutionConfigurationPlatforms) = preSolution
		Debug|Any CPU = Debug|Any CPU
		Release|Any CPU = Release|Any CPU
	EndGlobalSection
	GlobalSection(ProjectConfigurationPlatforms) = postSolution
		{EEF22D21-1FD6-4F46-B2D7-B103520B9F3E}.Debug|Any CPU.ActiveCfg = Debug|Any CPU
		{EEF22D21-1FD6-4F46-B2D7-B103520B9F3E}.Release|Any CPU.ActiveCfg = Release|Any CPU
	EndGlobalSection
	GlobalSection(SolutionProperties) = preSolution
		HideSolutionNode = FALSE
	EndGlobalSection
	GlobalSection(ExtensibilityGlobals) = postSolution
		SolutionGuid = {D36DD749-2C63-4BE2-9AE4-E3DB349BAAFD}
	EndGlobalSection
EndGlobal
